// !$*UTF8*$!
{
	archiveVersion = 1;
	classes = {
	};
	objectVersion = 50;
	objects = {

/* Begin PBXBuildFile section */
		BE2799C123D3C312009338E7 /* RawNumericType.swift in Sources */ = {isa = PBXBuildFile; fileRef = BE2799C023D3C312009338E7 /* RawNumericType.swift */; };
		BE2799C323D3D3E7009338E7 /* RawNumericType.swift in Sources */ = {isa = PBXBuildFile; fileRef = BE2799C023D3C312009338E7 /* RawNumericType.swift */; };
		BE2799C523D3D3FD009338E7 /* RawRealType.swift in Sources */ = {isa = PBXBuildFile; fileRef = BE2799C423D3D3FD009338E7 /* RawRealType.swift */; };
		BE2799C623ECB3A8009338E7 /* RawRealType.swift in Sources */ = {isa = PBXBuildFile; fileRef = BE2799C423D3D3FD009338E7 /* RawRealType.swift */; };
		BE827CF023AF1DCC00D8FBB8 /* AppDelegate.swift in Sources */ = {isa = PBXBuildFile; fileRef = BE827CEF23AF1DCC00D8FBB8 /* AppDelegate.swift */; };
		BE827CF223AF1DCC00D8FBB8 /* ViewController.swift in Sources */ = {isa = PBXBuildFile; fileRef = BE827CF123AF1DCC00D8FBB8 /* ViewController.swift */; };
		BE827CF423AF1DCF00D8FBB8 /* Assets.xcassets in Resources */ = {isa = PBXBuildFile; fileRef = BE827CF323AF1DCF00D8FBB8 /* Assets.xcassets */; };
		BE827CF723AF1DCF00D8FBB8 /* Main.storyboard in Resources */ = {isa = PBXBuildFile; fileRef = BE827CF523AF1DCF00D8FBB8 /* Main.storyboard */; };
		BE827D0323AF1DCF00D8FBB8 /* Ichi_DemoTests.swift in Sources */ = {isa = PBXBuildFile; fileRef = BE827D0223AF1DCF00D8FBB8 /* Ichi_DemoTests.swift */; };
		BE827D0F23AF1F0E00D8FBB8 /* NumericType.swift in Sources */ = {isa = PBXBuildFile; fileRef = BE827D0E23AF1F0E00D8FBB8 /* NumericType.swift */; };
		BE827D1023AF1F0E00D8FBB8 /* NumericType.swift in Sources */ = {isa = PBXBuildFile; fileRef = BE827D0E23AF1F0E00D8FBB8 /* NumericType.swift */; };
		BE827D1223AF1F4D00D8FBB8 /* RawInteger.swift in Sources */ = {isa = PBXBuildFile; fileRef = BE827D1123AF1F4D00D8FBB8 /* RawInteger.swift */; };
		BE827D1323AF1F4D00D8FBB8 /* RawInteger.swift in Sources */ = {isa = PBXBuildFile; fileRef = BE827D1123AF1F4D00D8FBB8 /* RawInteger.swift */; };
		BE827D1623AF200C00D8FBB8 /* RawRational.swift in Sources */ = {isa = PBXBuildFile; fileRef = BE827D1523AF200C00D8FBB8 /* RawRational.swift */; };
		BE827D1723AF200C00D8FBB8 /* RawRational.swift in Sources */ = {isa = PBXBuildFile; fileRef = BE827D1523AF200C00D8FBB8 /* RawRational.swift */; };
		BE827D1923AF205B00D8FBB8 /* RawDecimal.swift in Sources */ = {isa = PBXBuildFile; fileRef = BE827D1823AF205B00D8FBB8 /* RawDecimal.swift */; };
		BE827D1A23AF205B00D8FBB8 /* RawDecimal.swift in Sources */ = {isa = PBXBuildFile; fileRef = BE827D1823AF205B00D8FBB8 /* RawDecimal.swift */; };
		BE827D1F23AF4D9600D8FBB8 /* Integer.swift in Sources */ = {isa = PBXBuildFile; fileRef = BE827D1E23AF4D9600D8FBB8 /* Integer.swift */; };
		BE827D2023AF4D9600D8FBB8 /* Integer.swift in Sources */ = {isa = PBXBuildFile; fileRef = BE827D1E23AF4D9600D8FBB8 /* Integer.swift */; };
		BE827D2323AF4DCB00D8FBB8 /* Rational.swift in Sources */ = {isa = PBXBuildFile; fileRef = BE827D2223AF4DCB00D8FBB8 /* Rational.swift */; };
		BE827D2423AF4DCB00D8FBB8 /* Rational.swift in Sources */ = {isa = PBXBuildFile; fileRef = BE827D2223AF4DCB00D8FBB8 /* Rational.swift */; };
		BE827D2623AF4DD200D8FBB8 /* Decimal.swift in Sources */ = {isa = PBXBuildFile; fileRef = BE827D2523AF4DD200D8FBB8 /* Decimal.swift */; };
		BE827D2723AF4DD200D8FBB8 /* Decimal.swift in Sources */ = {isa = PBXBuildFile; fileRef = BE827D2523AF4DD200D8FBB8 /* Decimal.swift */; };
		BE827D2C23AF4E3500D8FBB8 /* Dimension.swift in Sources */ = {isa = PBXBuildFile; fileRef = BE827D2B23AF4E3500D8FBB8 /* Dimension.swift */; };
		BE827D2D23AF4E3500D8FBB8 /* Dimension.swift in Sources */ = {isa = PBXBuildFile; fileRef = BE827D2B23AF4E3500D8FBB8 /* Dimension.swift */; };
		BE827D3023AF4E8100D8FBB8 /* Unit.swift in Sources */ = {isa = PBXBuildFile; fileRef = BE827D2F23AF4E8100D8FBB8 /* Unit.swift */; };
		BE827D3123AF4E8100D8FBB8 /* Unit.swift in Sources */ = {isa = PBXBuildFile; fileRef = BE827D2F23AF4E8100D8FBB8 /* Unit.swift */; };
/* End PBXBuildFile section */

/* Begin PBXContainerItemProxy section */
		BE827CFF23AF1DCF00D8FBB8 /* PBXContainerItemProxy */ = {
			isa = PBXContainerItemProxy;
			containerPortal = BE827CE423AF1DCC00D8FBB8 /* Project object */;
			proxyType = 1;
			remoteGlobalIDString = BE827CEB23AF1DCC00D8FBB8;
			remoteInfo = "Ichi Demo";
		};
/* End PBXContainerItemProxy section */

/* Begin PBXFileReference section */
		BE2799C023D3C312009338E7 /* RawNumericType.swift */ = {isa = PBXFileReference; lastKnownFileType = sourcecode.swift; path = RawNumericType.swift; sourceTree = "<group>"; };
		BE2799C423D3D3FD009338E7 /* RawRealType.swift */ = {isa = PBXFileReference; lastKnownFileType = sourcecode.swift; path = RawRealType.swift; sourceTree = "<group>"; };
		BE827CEC23AF1DCC00D8FBB8 /* Ichi Demo.app */ = {isa = PBXFileReference; explicitFileType = wrapper.application; includeInIndex = 0; path = "Ichi Demo.app"; sourceTree = BUILT_PRODUCTS_DIR; };
		BE827CEF23AF1DCC00D8FBB8 /* AppDelegate.swift */ = {isa = PBXFileReference; lastKnownFileType = sourcecode.swift; path = AppDelegate.swift; sourceTree = "<group>"; };
		BE827CF123AF1DCC00D8FBB8 /* ViewController.swift */ = {isa = PBXFileReference; lastKnownFileType = sourcecode.swift; path = ViewController.swift; sourceTree = "<group>"; };
		BE827CF323AF1DCF00D8FBB8 /* Assets.xcassets */ = {isa = PBXFileReference; lastKnownFileType = folder.assetcatalog; path = Assets.xcassets; sourceTree = "<group>"; };
		BE827CF623AF1DCF00D8FBB8 /* Base */ = {isa = PBXFileReference; lastKnownFileType = file.storyboard; name = Base; path = Base.lproj/Main.storyboard; sourceTree = "<group>"; };
		BE827CF823AF1DCF00D8FBB8 /* Info.plist */ = {isa = PBXFileReference; lastKnownFileType = text.plist.xml; path = Info.plist; sourceTree = "<group>"; };
		BE827CF923AF1DCF00D8FBB8 /* Ichi_Demo.entitlements */ = {isa = PBXFileReference; lastKnownFileType = text.plist.entitlements; path = Ichi_Demo.entitlements; sourceTree = "<group>"; };
		BE827CFE23AF1DCF00D8FBB8 /* Ichi DemoTests.xctest */ = {isa = PBXFileReference; explicitFileType = wrapper.cfbundle; includeInIndex = 0; path = "Ichi DemoTests.xctest"; sourceTree = BUILT_PRODUCTS_DIR; };
		BE827D0223AF1DCF00D8FBB8 /* Ichi_DemoTests.swift */ = {isa = PBXFileReference; lastKnownFileType = sourcecode.swift; path = Ichi_DemoTests.swift; sourceTree = "<group>"; };
		BE827D0423AF1DCF00D8FBB8 /* Info.plist */ = {isa = PBXFileReference; lastKnownFileType = text.plist.xml; path = Info.plist; sourceTree = "<group>"; };
		BE827D0E23AF1F0E00D8FBB8 /* NumericType.swift */ = {isa = PBXFileReference; lastKnownFileType = sourcecode.swift; path = NumericType.swift; sourceTree = "<group>"; };
		BE827D1123AF1F4D00D8FBB8 /* RawInteger.swift */ = {isa = PBXFileReference; lastKnownFileType = sourcecode.swift; path = RawInteger.swift; sourceTree = "<group>"; };
		BE827D1523AF200C00D8FBB8 /* RawRational.swift */ = {isa = PBXFileReference; lastKnownFileType = sourcecode.swift; path = RawRational.swift; sourceTree = "<group>"; };
		BE827D1823AF205B00D8FBB8 /* RawDecimal.swift */ = {isa = PBXFileReference; lastKnownFileType = sourcecode.swift; path = RawDecimal.swift; sourceTree = "<group>"; };
		BE827D1E23AF4D9600D8FBB8 /* Integer.swift */ = {isa = PBXFileReference; lastKnownFileType = sourcecode.swift; path = Integer.swift; sourceTree = "<group>"; };
		BE827D2223AF4DCB00D8FBB8 /* Rational.swift */ = {isa = PBXFileReference; lastKnownFileType = sourcecode.swift; path = Rational.swift; sourceTree = "<group>"; };
		BE827D2523AF4DD200D8FBB8 /* Decimal.swift */ = {isa = PBXFileReference; lastKnownFileType = sourcecode.swift; path = Decimal.swift; sourceTree = "<group>"; };
		BE827D2B23AF4E3500D8FBB8 /* Dimension.swift */ = {isa = PBXFileReference; lastKnownFileType = sourcecode.swift; path = Dimension.swift; sourceTree = "<group>"; };
		BE827D2F23AF4E8100D8FBB8 /* Unit.swift */ = {isa = PBXFileReference; lastKnownFileType = sourcecode.swift; path = Unit.swift; sourceTree = "<group>"; };
/* End PBXFileReference section */

/* Begin PBXFrameworksBuildPhase section */
		BE827CE923AF1DCC00D8FBB8 /* Frameworks */ = {
			isa = PBXFrameworksBuildPhase;
			buildActionMask = 2147483647;
			files = (
			);
			runOnlyForDeploymentPostprocessing = 0;
		};
		BE827CFB23AF1DCF00D8FBB8 /* Frameworks */ = {
			isa = PBXFrameworksBuildPhase;
			buildActionMask = 2147483647;
			files = (
			);
			runOnlyForDeploymentPostprocessing = 0;
		};
/* End PBXFrameworksBuildPhase section */

/* Begin PBXGroup section */
		BE2799C223D3D3DD009338E7 /* Protocols */ = {
			isa = PBXGroup;
			children = (
				BE827D0E23AF1F0E00D8FBB8 /* NumericType.swift */,
				BE2799C023D3C312009338E7 /* RawNumericType.swift */,
				BE2799C423D3D3FD009338E7 /* RawRealType.swift */,
			);
			path = Protocols;
			sourceTree = "<group>";
		};
		BE827CE323AF1DCC00D8FBB8 = {
			isa = PBXGroup;
			children = (
				BE827D0D23AF1EFB00D8FBB8 /* Library */,
				BE827CEE23AF1DCC00D8FBB8 /* Ichi Demo */,
				BE827D0123AF1DCF00D8FBB8 /* Ichi DemoTests */,
				BE827CED23AF1DCC00D8FBB8 /* Products */,
			);
			sourceTree = "<group>";
		};
		BE827CED23AF1DCC00D8FBB8 /* Products */ = {
			isa = PBXGroup;
			children = (
				BE827CEC23AF1DCC00D8FBB8 /* Ichi Demo.app */,
				BE827CFE23AF1DCF00D8FBB8 /* Ichi DemoTests.xctest */,
			);
			name = Products;
			sourceTree = "<group>";
		};
		BE827CEE23AF1DCC00D8FBB8 /* Ichi Demo */ = {
			isa = PBXGroup;
			children = (
				BE827CEF23AF1DCC00D8FBB8 /* AppDelegate.swift */,
				BE827CF123AF1DCC00D8FBB8 /* ViewController.swift */,
				BE827CF323AF1DCF00D8FBB8 /* Assets.xcassets */,
				BE827CF523AF1DCF00D8FBB8 /* Main.storyboard */,
				BE827CF823AF1DCF00D8FBB8 /* Info.plist */,
				BE827CF923AF1DCF00D8FBB8 /* Ichi_Demo.entitlements */,
			);
			path = "Ichi Demo";
			sourceTree = "<group>";
		};
		BE827D0123AF1DCF00D8FBB8 /* Ichi DemoTests */ = {
			isa = PBXGroup;
			children = (
				BE827D0223AF1DCF00D8FBB8 /* Ichi_DemoTests.swift */,
				BE827D0423AF1DCF00D8FBB8 /* Info.plist */,
			);
			path = "Ichi DemoTests";
			sourceTree = "<group>";
		};
		BE827D0D23AF1EFB00D8FBB8 /* Library */ = {
			isa = PBXGroup;
			children = (
				BE2799C223D3D3DD009338E7 /* Protocols */,
				BE827D1423AF1FB900D8FBB8 /* Raw */,
				BE827D2123AF4DA200D8FBB8 /* Dimensions */,
				BE827D2E23AF4E7500D8FBB8 /* Units */,
			);
			path = Library;
			sourceTree = "<group>";
		};
		BE827D1423AF1FB900D8FBB8 /* Raw */ = {
			isa = PBXGroup;
			children = (
				BE827D1123AF1F4D00D8FBB8 /* RawInteger.swift */,
				BE827D1523AF200C00D8FBB8 /* RawRational.swift */,
				BE827D1823AF205B00D8FBB8 /* RawDecimal.swift */,
			);
			path = Raw;
			sourceTree = "<group>";
		};
		BE827D2123AF4DA200D8FBB8 /* Dimensions */ = {
			isa = PBXGroup;
			children = (
				BE827D2B23AF4E3500D8FBB8 /* Dimension.swift */,
				BE827D1E23AF4D9600D8FBB8 /* Integer.swift */,
				BE827D2223AF4DCB00D8FBB8 /* Rational.swift */,
				BE827D2523AF4DD200D8FBB8 /* Decimal.swift */,
			);
			path = Dimensions;
			sourceTree = "<group>";
		};
		BE827D2E23AF4E7500D8FBB8 /* Units */ = {
			isa = PBXGroup;
			children = (
				BE827D2F23AF4E8100D8FBB8 /* Unit.swift */,
			);
			path = Units;
			sourceTree = "<group>";
		};
/* End PBXGroup section */

/* Begin PBXNativeTarget section */
		BE827CEB23AF1DCC00D8FBB8 /* Ichi Demo */ = {
			isa = PBXNativeTarget;
			buildConfigurationList = BE827D0723AF1DCF00D8FBB8 /* Build configuration list for PBXNativeTarget "Ichi Demo" */;
			buildPhases = (
				BE827CE823AF1DCC00D8FBB8 /* Sources */,
				BE827CE923AF1DCC00D8FBB8 /* Frameworks */,
				BE827CEA23AF1DCC00D8FBB8 /* Resources */,
			);
			buildRules = (
			);
			dependencies = (
			);
			name = "Ichi Demo";
			productName = "Ichi Demo";
			productReference = BE827CEC23AF1DCC00D8FBB8 /* Ichi Demo.app */;
			productType = "com.apple.product-type.application";
		};
		BE827CFD23AF1DCF00D8FBB8 /* Ichi DemoTests */ = {
			isa = PBXNativeTarget;
			buildConfigurationList = BE827D0A23AF1DCF00D8FBB8 /* Build configuration list for PBXNativeTarget "Ichi DemoTests" */;
			buildPhases = (
				BE827CFA23AF1DCF00D8FBB8 /* Sources */,
				BE827CFB23AF1DCF00D8FBB8 /* Frameworks */,
				BE827CFC23AF1DCF00D8FBB8 /* Resources */,
			);
			buildRules = (
			);
			dependencies = (
				BE827D0023AF1DCF00D8FBB8 /* PBXTargetDependency */,
			);
			name = "Ichi DemoTests";
			productName = "Ichi DemoTests";
			productReference = BE827CFE23AF1DCF00D8FBB8 /* Ichi DemoTests.xctest */;
			productType = "com.apple.product-type.bundle.unit-test";
		};
/* End PBXNativeTarget section */

/* Begin PBXProject section */
		BE827CE423AF1DCC00D8FBB8 /* Project object */ = {
			isa = PBXProject;
			attributes = {
				LastSwiftUpdateCheck = 1030;
				LastUpgradeCheck = 1030;
				ORGANIZATIONNAME = "Free Robot Collective";
				TargetAttributes = {
					BE827CEB23AF1DCC00D8FBB8 = {
						CreatedOnToolsVersion = 10.3;
					};
					BE827CFD23AF1DCF00D8FBB8 = {
						CreatedOnToolsVersion = 10.3;
						TestTargetID = BE827CEB23AF1DCC00D8FBB8;
					};
				};
			};
			buildConfigurationList = BE827CE723AF1DCC00D8FBB8 /* Build configuration list for PBXProject "Ichi Demo" */;
			compatibilityVersion = "Xcode 9.3";
			developmentRegion = en;
			hasScannedForEncodings = 0;
			knownRegions = (
				en,
				Base,
			);
			mainGroup = BE827CE323AF1DCC00D8FBB8;
			productRefGroup = BE827CED23AF1DCC00D8FBB8 /* Products */;
			projectDirPath = "";
			projectRoot = "";
			targets = (
				BE827CEB23AF1DCC00D8FBB8 /* Ichi Demo */,
				BE827CFD23AF1DCF00D8FBB8 /* Ichi DemoTests */,
			);
		};
/* End PBXProject section */

/* Begin PBXResourcesBuildPhase section */
		BE827CEA23AF1DCC00D8FBB8 /* Resources */ = {
			isa = PBXResourcesBuildPhase;
			buildActionMask = 2147483647;
			files = (
				BE827CF423AF1DCF00D8FBB8 /* Assets.xcassets in Resources */,
				BE827CF723AF1DCF00D8FBB8 /* Main.storyboard in Resources */,
			);
			runOnlyForDeploymentPostprocessing = 0;
		};
		BE827CFC23AF1DCF00D8FBB8 /* Resources */ = {
			isa = PBXResourcesBuildPhase;
			buildActionMask = 2147483647;
			files = (
			);
			runOnlyForDeploymentPostprocessing = 0;
		};
/* End PBXResourcesBuildPhase section */

/* Begin PBXSourcesBuildPhase section */
		BE827CE823AF1DCC00D8FBB8 /* Sources */ = {
			isa = PBXSourcesBuildPhase;
			buildActionMask = 2147483647;
			files = (
				BE827CF223AF1DCC00D8FBB8 /* ViewController.swift in Sources */,
				BE2799C523D3D3FD009338E7 /* RawRealType.swift in Sources */,
				BE827CF023AF1DCC00D8FBB8 /* AppDelegate.swift in Sources */,
				BE827D2323AF4DCB00D8FBB8 /* Rational.swift in Sources */,
				BE827D2623AF4DD200D8FBB8 /* Decimal.swift in Sources */,
				BE2799C123D3C312009338E7 /* RawNumericType.swift in Sources */,
				BE827D1623AF200C00D8FBB8 /* RawRational.swift in Sources */,
				BE827D1F23AF4D9600D8FBB8 /* Integer.swift in Sources */,
				BE827D1223AF1F4D00D8FBB8 /* RawInteger.swift in Sources */,
				BE827D2C23AF4E3500D8FBB8 /* Dimension.swift in Sources */,
				BE827D3023AF4E8100D8FBB8 /* Unit.swift in Sources */,
				BE827D1923AF205B00D8FBB8 /* RawDecimal.swift in Sources */,
				BE827D0F23AF1F0E00D8FBB8 /* NumericType.swift in Sources */,
			);
			runOnlyForDeploymentPostprocessing = 0;
		};
		BE827CFA23AF1DCF00D8FBB8 /* Sources */ = {
			isa = PBXSourcesBuildPhase;
			buildActionMask = 2147483647;
			files = (
				BE827D1723AF200C00D8FBB8 /* RawRational.swift in Sources */,
				BE827D3123AF4E8100D8FBB8 /* Unit.swift in Sources */,
				BE2799C323D3D3E7009338E7 /* RawNumericType.swift in Sources */,
				BE827D2723AF4DD200D8FBB8 /* Decimal.swift in Sources */,
				BE827D1323AF1F4D00D8FBB8 /* RawInteger.swift in Sources */,
				BE827D2423AF4DCB00D8FBB8 /* Rational.swift in Sources */,
				BE827D1023AF1F0E00D8FBB8 /* NumericType.swift in Sources */,
				BE2799C623ECB3A8009338E7 /* RawRealType.swift in Sources */,
				BE827D1A23AF205B00D8FBB8 /* RawDecimal.swift in Sources */,
				BE827D2023AF4D9600D8FBB8 /* Integer.swift in Sources */,
				BE827D2D23AF4E3500D8FBB8 /* Dimension.swift in Sources */,
				BE827D0323AF1DCF00D8FBB8 /* Ichi_DemoTests.swift in Sources */,
			);
			runOnlyForDeploymentPostprocessing = 0;
		};
/* End PBXSourcesBuildPhase section */

/* Begin PBXTargetDependency section */
		BE827D0023AF1DCF00D8FBB8 /* PBXTargetDependency */ = {
			isa = PBXTargetDependency;
			target = BE827CEB23AF1DCC00D8FBB8 /* Ichi Demo */;
			targetProxy = BE827CFF23AF1DCF00D8FBB8 /* PBXContainerItemProxy */;
		};
/* End PBXTargetDependency section */

/* Begin PBXVariantGroup section */
		BE827CF523AF1DCF00D8FBB8 /* Main.storyboard */ = {
			isa = PBXVariantGroup;
			children = (
				BE827CF623AF1DCF00D8FBB8 /* Base */,
			);
			name = Main.storyboard;
			sourceTree = "<group>";
		};
/* End PBXVariantGroup section */

/* Begin XCBuildConfiguration section */
		BE827D0523AF1DCF00D8FBB8 /* Debug */ = {
			isa = XCBuildConfiguration;
			buildSettings = {
				ALWAYS_SEARCH_USER_PATHS = NO;
				CLANG_ANALYZER_NONNULL = YES;
				CLANG_ANALYZER_NUMBER_OBJECT_CONVERSION = YES_AGGRESSIVE;
				CLANG_CXX_LANGUAGE_STANDARD = "gnu++14";
				CLANG_CXX_LIBRARY = "libc++";
				CLANG_ENABLE_MODULES = YES;
				CLANG_ENABLE_OBJC_ARC = YES;
				CLANG_ENABLE_OBJC_WEAK = YES;
				CLANG_WARN_BLOCK_CAPTURE_AUTORELEASING = YES;
				CLANG_WARN_BOOL_CONVERSION = YES;
				CLANG_WARN_COMMA = YES;
				CLANG_WARN_CONSTANT_CONVERSION = YES;
				CLANG_WARN_DEPRECATED_OBJC_IMPLEMENTATIONS = YES;
				CLANG_WARN_DIRECT_OBJC_ISA_USAGE = YES_ERROR;
				CLANG_WARN_DOCUMENTATION_COMMENTS = YES;
				CLANG_WARN_EMPTY_BODY = YES;
				CLANG_WARN_ENUM_CONVERSION = YES;
				CLANG_WARN_INFINITE_RECURSION = YES;
				CLANG_WARN_INT_CONVERSION = YES;
				CLANG_WARN_NON_LITERAL_NULL_CONVERSION = YES;
				CLANG_WARN_OBJC_IMPLICIT_RETAIN_SELF = YES;
				CLANG_WARN_OBJC_LITERAL_CONVERSION = YES;
				CLANG_WARN_OBJC_ROOT_CLASS = YES_ERROR;
				CLANG_WARN_RANGE_LOOP_ANALYSIS = YES;
				CLANG_WARN_STRICT_PROTOTYPES = YES;
				CLANG_WARN_SUSPICIOUS_MOVE = YES;
				CLANG_WARN_UNGUARDED_AVAILABILITY = YES_AGGRESSIVE;
				CLANG_WARN_UNREACHABLE_CODE = YES;
				CLANG_WARN__DUPLICATE_METHOD_MATCH = YES;
				CODE_SIGN_IDENTITY = "Mac Developer";
				COPY_PHASE_STRIP = NO;
				DEBUG_INFORMATION_FORMAT = dwarf;
				ENABLE_STRICT_OBJC_MSGSEND = YES;
				ENABLE_TESTABILITY = YES;
				GCC_C_LANGUAGE_STANDARD = gnu11;
				GCC_DYNAMIC_NO_PIC = NO;
				GCC_NO_COMMON_BLOCKS = YES;
				GCC_OPTIMIZATION_LEVEL = 0;
				GCC_PREPROCESSOR_DEFINITIONS = (
					"DEBUG=1",
					"$(inherited)",
				);
				GCC_WARN_64_TO_32_BIT_CONVERSION = YES;
				GCC_WARN_ABOUT_RETURN_TYPE = YES_ERROR;
				GCC_WARN_UNDECLARED_SELECTOR = YES;
				GCC_WARN_UNINITIALIZED_AUTOS = YES_AGGRESSIVE;
				GCC_WARN_UNUSED_FUNCTION = YES;
				GCC_WARN_UNUSED_VARIABLE = YES;
				MACOSX_DEPLOYMENT_TARGET = 10.14;
				MTL_ENABLE_DEBUG_INFO = INCLUDE_SOURCE;
				MTL_FAST_MATH = YES;
				ONLY_ACTIVE_ARCH = YES;
				SDKROOT = macosx;
				SWIFT_ACTIVE_COMPILATION_CONDITIONS = DEBUG;
				SWIFT_OPTIMIZATION_LEVEL = "-Onone";
			};
			name = Debug;
		};
		BE827D0623AF1DCF00D8FBB8 /* Release */ = {
			isa = XCBuildConfiguration;
			buildSettings = {
				ALWAYS_SEARCH_USER_PATHS = NO;
				CLANG_ANALYZER_NONNULL = YES;
				CLANG_ANALYZER_NUMBER_OBJECT_CONVERSION = YES_AGGRESSIVE;
				CLANG_CXX_LANGUAGE_STANDARD = "gnu++14";
				CLANG_CXX_LIBRARY = "libc++";
				CLANG_ENABLE_MODULES = YES;
				CLANG_ENABLE_OBJC_ARC = YES;
				CLANG_ENABLE_OBJC_WEAK = YES;
				CLANG_WARN_BLOCK_CAPTURE_AUTORELEASING = YES;
				CLANG_WARN_BOOL_CONVERSION = YES;
				CLANG_WARN_COMMA = YES;
				CLANG_WARN_CONSTANT_CONVERSION = YES;
				CLANG_WARN_DEPRECATED_OBJC_IMPLEMENTATIONS = YES;
				CLANG_WARN_DIRECT_OBJC_ISA_USAGE = YES_ERROR;
				CLANG_WARN_DOCUMENTATION_COMMENTS = YES;
				CLANG_WARN_EMPTY_BODY = YES;
				CLANG_WARN_ENUM_CONVERSION = YES;
				CLANG_WARN_INFINITE_RECURSION = YES;
				CLANG_WARN_INT_CONVERSION = YES;
				CLANG_WARN_NON_LITERAL_NULL_CONVERSION = YES;
				CLANG_WARN_OBJC_IMPLICIT_RETAIN_SELF = YES;
				CLANG_WARN_OBJC_LITERAL_CONVERSION = YES;
				CLANG_WARN_OBJC_ROOT_CLASS = YES_ERROR;
				CLANG_WARN_RANGE_LOOP_ANALYSIS = YES;
				CLANG_WARN_STRICT_PROTOTYPES = YES;
				CLANG_WARN_SUSPICIOUS_MOVE = YES;
				CLANG_WARN_UNGUARDED_AVAILABILITY = YES_AGGRESSIVE;
				CLANG_WARN_UNREACHABLE_CODE = YES;
				CLANG_WARN__DUPLICATE_METHOD_MATCH = YES;
				CODE_SIGN_IDENTITY = "Mac Developer";
				COPY_PHASE_STRIP = NO;
				DEBUG_INFORMATION_FORMAT = "dwarf-with-dsym";
				ENABLE_NS_ASSERTIONS = NO;
				ENABLE_STRICT_OBJC_MSGSEND = YES;
				GCC_C_LANGUAGE_STANDARD = gnu11;
				GCC_NO_COMMON_BLOCKS = YES;
				GCC_WARN_64_TO_32_BIT_CONVERSION = YES;
				GCC_WARN_ABOUT_RETURN_TYPE = YES_ERROR;
				GCC_WARN_UNDECLARED_SELECTOR = YES;
				GCC_WARN_UNINITIALIZED_AUTOS = YES_AGGRESSIVE;
				GCC_WARN_UNUSED_FUNCTION = YES;
				GCC_WARN_UNUSED_VARIABLE = YES;
				MACOSX_DEPLOYMENT_TARGET = 10.14;
				MTL_ENABLE_DEBUG_INFO = NO;
				MTL_FAST_MATH = YES;
				SDKROOT = macosx;
				SWIFT_COMPILATION_MODE = wholemodule;
				SWIFT_OPTIMIZATION_LEVEL = "-O";
			};
			name = Release;
		};
		BE827D0823AF1DCF00D8FBB8 /* Debug */ = {
			isa = XCBuildConfiguration;
			buildSettings = {
				ASSETCATALOG_COMPILER_APPICON_NAME = AppIcon;
				CODE_SIGN_ENTITLEMENTS = "Ichi Demo/Ichi_Demo.entitlements";
				CODE_SIGN_STYLE = Automatic;
				COMBINE_HIDPI_IMAGES = YES;
				DEVELOPMENT_TEAM = NPFHK7C632;
				INFOPLIST_FILE = "Ichi Demo/Info.plist";
				LD_RUNPATH_SEARCH_PATHS = (
					"$(inherited)",
					"@executable_path/../Frameworks",
				);
				PRODUCT_BUNDLE_IDENTIFIER = "org.freerobotcollective.Ichi-Demo";
				PRODUCT_NAME = "$(TARGET_NAME)";
				SWIFT_VERSION = 5.0;
			};
			name = Debug;
		};
		BE827D0923AF1DCF00D8FBB8 /* Release */ = {
			isa = XCBuildConfiguration;
			buildSettings = {
				ASSETCATALOG_COMPILER_APPICON_NAME = AppIcon;
				CODE_SIGN_ENTITLEMENTS = "Ichi Demo/Ichi_Demo.entitlements";
				CODE_SIGN_STYLE = Automatic;
				COMBINE_HIDPI_IMAGES = YES;
				DEVELOPMENT_TEAM = NPFHK7C632;
				INFOPLIST_FILE = "Ichi Demo/Info.plist";
				LD_RUNPATH_SEARCH_PATHS = (
					"$(inherited)",
					"@executable_path/../Frameworks",
				);
				PRODUCT_BUNDLE_IDENTIFIER = "org.freerobotcollective.Ichi-Demo";
				PRODUCT_NAME = "$(TARGET_NAME)";
				SWIFT_VERSION = 5.0;
			};
			name = Release;
		};
		BE827D0B23AF1DCF00D8FBB8 /* Debug */ = {
			isa = XCBuildConfiguration;
			buildSettings = {
				ALWAYS_EMBED_SWIFT_STANDARD_LIBRARIES = YES;
				BUNDLE_LOADER = "$(TEST_HOST)";
				CODE_SIGN_STYLE = Automatic;
				COMBINE_HIDPI_IMAGES = YES;
				DEVELOPMENT_TEAM = NPFHK7C632;
				INFOPLIST_FILE = "Ichi DemoTests/Info.plist";
				LD_RUNPATH_SEARCH_PATHS = (
					"$(inherited)",
					"@executable_path/../Frameworks",
					"@loader_path/../Frameworks",
				);
				PRODUCT_BUNDLE_IDENTIFIER = "org.freerobotcollective.Ichi-DemoTests";
				PRODUCT_NAME = "$(TARGET_NAME)";
				SWIFT_VERSION = 5.0;
				TEST_HOST = "$(BUILT_PRODUCTS_DIR)/Ichi Demo.app/Contents/MacOS/Ichi Demo";
			};
			name = Debug;
		};
		BE827D0C23AF1DCF00D8FBB8 /* Release */ = {
			isa = XCBuildConfiguration;
			buildSettings = {
				ALWAYS_EMBED_SWIFT_STANDARD_LIBRARIES = YES;
				BUNDLE_LOADER = "$(TEST_HOST)";
				CODE_SIGN_STYLE = Automatic;
				COMBINE_HIDPI_IMAGES = YES;
				DEVELOPMENT_TEAM = NPFHK7C632;
				INFOPLIST_FILE = "Ichi DemoTests/Info.plist";
				LD_RUNPATH_SEARCH_PATHS = (
					"$(inherited)",
					"@executable_path/../Frameworks",
					"@loader_path/../Frameworks",
				);
				PRODUCT_BUNDLE_IDENTIFIER = "org.freerobotcollective.Ichi-DemoTests";
				PRODUCT_NAME = "$(TARGET_NAME)";
				SWIFT_VERSION = 5.0;
				TEST_HOST = "$(BUILT_PRODUCTS_DIR)/Ichi Demo.app/Contents/MacOS/Ichi Demo";
			};
			name = Release;
		};
/* End XCBuildConfiguration section */

/* Begin XCConfigurationList section */
		BE827CE723AF1DCC00D8FBB8 /* Build configuration list for PBXProject "Ichi Demo" */ = {
			isa = XCConfigurationList;
			buildConfigurations = (
				BE827D0523AF1DCF00D8FBB8 /* Debug */,
				BE827D0623AF1DCF00D8FBB8 /* Release */,
			);
			defaultConfigurationIsVisible = 0;
			defaultConfigurationName = Release;
		};
		BE827D0723AF1DCF00D8FBB8 /* Build configuration list for PBXNativeTarget "Ichi Demo" */ = {
			isa = XCConfigurationList;
			buildConfigurations = (
				BE827D0823AF1DCF00D8FBB8 /* Debug */,
				BE827D0923AF1DCF00D8FBB8 /* Release */,
			);
			defaultConfigurationIsVisible = 0;
			defaultConfigurationName = Release;
		};
		BE827D0A23AF1DCF00D8FBB8 /* Build configuration list for PBXNativeTarget "Ichi DemoTests" */ = {
			isa = XCConfigurationList;
			buildConfigurations = (
				BE827D0B23AF1DCF00D8FBB8 /* Debug */,
				BE827D0C23AF1DCF00D8FBB8 /* Release */,
			);
			defaultConfigurationIsVisible = 0;
			defaultConfigurationName = Release;
		};
/* End XCConfigurationList section */
	};
	rootObject = BE827CE423AF1DCC00D8FBB8 /* Project object */;
}
